
Microsoft Visual Studio Solution File, Format Version 12.00
# Visual Studio Version 17
VisualStudioVersion = 17.14.36414.22
MinimumVisualStudioVersion = 10.0.40219.1
Project("{FAE04EC0-301F-11D3-BF4B-00C04F79EFBC}") = "console_array", "console_array\console_array.csproj", "{EEC10F4B-C803-4018-94E1-52C01DA0B151}"
EndProject
Global
	GlobalSection(SolutionConfigurationPlatforms) = preSolution
		Debug|Any CPU = Debug|Any CPU
		Release|Any CPU = Release|Any CPU
	EndGlobalSection
	GlobalSection(ProjectConfigurationPlatforms) = postSolution
		{EEC10F4B-C803-4018-94E1-52C01DA0B151}.Debug|Any CPU.ActiveCfg = Debug|Any CPU
		{EEC10F4B-C803-4018-94E1-52C01DA0B151}.Debug|Any CPU.Build.0 = Debug|Any CPU
		{EEC10F4B-C803-4018-94E1-52C01DA0B151}.Release|Any CPU.ActiveCfg = Release|Any CPU
		{EEC10F4B-C803-4018-94E1-52C01DA0B151}.Release|Any CPU.Build.0 = Release|Any CPU
	EndGlobalSection
	GlobalSection(SolutionProperties) = preSolution
		HideSolutionNode = FALSE
	EndGlobalSection
	GlobalSection(ExtensibilityGlobals) = postSolution
		SolutionGuid = {73AFA463-1369-4E1E-AA13-C1757018EDBE}
	EndGlobalSection
EndGlobal
